{
    "version": 3,
    "terraform_version": "0.11.0",
    "serial": 24,
    "lineage": "29cf8132-5cdb-4431-8981-c6c1a6bfe4d7",
    "modules": [
        {
            "path": [
                "root"
            ],
            "outputs": {},
            "resources": {
                "aws_eip.gce-eip": {
                    "type": "aws_eip",
                    "depends_on": [],
                    "primary": {
                        "id": "eipalloc-162fc32b",
                        "attributes": {
                            "association_id": "eipassoc-bf5b0c83",
                            "domain": "vpc",
                            "id": "eipalloc-162fc32b",
                            "instance": "",
                            "network_interface": "eni-ffa276d0",
                            "private_ip": "10.220.112.52",
                            "public_ip": "34.249.5.221",
                            "vpc": "true"
                        },
                        "meta": {},
                        "tainted": false
                    },
                    "deposed": [],
                    "provider": "provider.aws"
                },
                "aws_instance.instance1": {
                    "type": "aws_instance",
                    "depends_on": [],
                    "primary": {
                        "id": "i-0b02653b5416a8e1a",
                        "attributes": {
                            "ami": "ami-02ace471",
                            "associate_public_ip_address": "false",
                            "availability_zone": "eu-west-1a",
                            "disable_api_termination": "false",
                            "ebs_block_device.#": "0",
                            "ebs_optimized": "false",
                            "ephemeral_block_device.#": "0",
                            "iam_instance_profile": "",
                            "id": "i-0b02653b5416a8e1a",
                            "instance_state": "running",
                            "instance_type": "m4.large",
                            "ipv6_addresses.#": "0",
                            "key_name": "gce-key-pair",
                            "monitoring": "false",
                            "network_interface.#": "0",
                            "network_interface_id": "eni-41561e41",
                            "primary_network_interface_id": "eni-41561e41",
                            "private_dns": "ip-10-220-113-18.eu-west-1.compute.internal",
                            "private_ip": "10.220.113.18",
                            "public_dns": "",
                            "public_ip": "",
                            "root_block_device.#": "1",
                            "root_block_device.0.delete_on_termination": "true",
                            "root_block_device.0.iops": "100",
                            "root_block_device.0.volume_size": "10",
                            "root_block_device.0.volume_type": "gp2",
                            "security_groups.#": "0",
                            "source_dest_check": "true",
                            "subnet_id": "subnet-bcb2dce7",
                            "tags.%": "1",
                            "tags.Name": "HDFS-Name-Node",
                            "tenancy": "dedicated",
                            "volume_tags.%": "0",
                            "vpc_security_group_ids.#": "1",
                            "vpc_security_group_ids.2722035611": "sg-b31392c8"
                        },
                        "meta": {
                            "e2bfb730-ecaa-11e6-8f88-34363bc7c4c0": {
                                "create": 600000000000,
                                "delete": 600000000000,
                                "update": 600000000000
                            },
                            "schema_version": "1"
                        },
                        "tainted": false
                    },
                    "deposed": [],
                    "provider": "provider.aws"
                },
                "aws_instance.instance10": {
                    "type": "aws_instance",
                    "depends_on": [
                        "aws_security_group.security_group_10",
                        "aws_subnet.subnet-3"
                    ],
                    "primary": {
                        "id": "i-0234183edd087bc26",
                        "attributes": {
                            "ami": "ami-02ace471",
                            "associate_public_ip_address": "false",
                            "availability_zone": "eu-west-1a",
                            "disable_api_termination": "false",
                            "ebs_block_device.#": "0",
                            "ebs_optimized": "false",
                            "ephemeral_block_device.#": "0",
                            "iam_instance_profile": "",
                            "id": "i-0234183edd087bc26",
                            "instance_state": "running",
                            "instance_type": "m4.large",
                            "ipv6_addresses.#": "0",
                            "key_name": "gce-key-pair",
                            "monitoring": "false",
                            "network_interface.#": "0",
                            "network_interface_id": "eni-52591152",
                            "primary_network_interface_id": "eni-52591152",
                            "private_dns": "ip-10-220-113-44.eu-west-1.compute.internal",
                            "private_ip": "10.220.113.44",
                            "public_dns": "",
                            "public_ip": "",
                            "root_block_device.#": "1",
                            "root_block_device.0.delete_on_termination": "true",
                            "root_block_device.0.iops": "100",
                            "root_block_device.0.volume_size": "10",
                            "root_block_device.0.volume_type": "gp2",
                            "security_groups.#": "0",
                            "source_dest_check": "true",
                            "subnet_id": "subnet-bcb2dce7",
                            "tags.%": "1",
                            "tags.Name": "Kudu-Tablet-1",
                            "tenancy": "dedicated",
                            "volume_tags.%": "0",
                            "vpc_security_group_ids.#": "1",
                            "vpc_security_group_ids.3702518733": "sg-f40f8e8f"
                        },
                        "meta": {
                            "e2bfb730-ecaa-11e6-8f88-34363bc7c4c0": {
                                "create": 600000000000,
                                "delete": 600000000000,
                                "update": 600000000000
                            },
                            "schema_version": "1"
                        },
                        "tainted": false
                    },
                    "deposed": [],
                    "provider": "provider.aws"
                },
                "aws_instance.instance12": {
                    "type": "aws_instance",
                    "depends_on": [
                        "aws_security_group.security_group_12",
                        "aws_subnet.subnet-5"
                    ],
                    "primary": {
                        "id": "i-0d8c9c360f7107be0",
                        "attributes": {
                            "ami": "ami-02ace471",
                            "associate_public_ip_address": "false",
                            "availability_zone": "eu-west-1a",
                            "disable_api_termination": "false",
                            "ebs_block_device.#": "0",
                            "ebs_optimized": "false",
                            "ephemeral_block_device.#": "0",
                            "iam_instance_profile": "",
                            "id": "i-0d8c9c360f7107be0",
                            "instance_state": "running",
                            "instance_type": "m4.large",
                            "ipv6_addresses.#": "0",
                            "key_name": "gce-key-pair",
                            "monitoring": "false",
                            "network_interface.#": "0",
                            "network_interface_id": "eni-6e50186e",
                            "primary_network_interface_id": "eni-6e50186e",
                            "private_dns": "ip-10-220-113-137.eu-west-1.compute.internal",
                            "private_ip": "10.220.113.137",
                            "public_dns": "",
                            "public_ip": "",
                            "root_block_device.#": "1",
                            "root_block_device.0.delete_on_termination": "true",
                            "root_block_device.0.iops": "100",
                            "root_block_device.0.volume_size": "10",
                            "root_block_device.0.volume_type": "gp2",
                            "security_groups.#": "0",
                            "source_dest_check": "true",
                            "subnet_id": "subnet-5db0de06",
                            "tags.%": "1",
                            "tags.Name": "Kudu-Tablet-3",
                            "tenancy": "dedicated",
                            "volume_tags.%": "0",
                            "vpc_security_group_ids.#": "1",
                            "vpc_security_group_ids.3014597108": "sg-52129329"
                        },
                        "meta": {
                            "e2bfb730-ecaa-11e6-8f88-34363bc7c4c0": {
                                "create": 600000000000,
                                "delete": 600000000000,
                                "update": 600000000000
                            },
                            "schema_version": "1"
                        },
                        "tainted": false
                    },
                    "deposed": [],
                    "provider": "provider.aws"
                },
                "aws_instance.instance13": {
                    "type": "aws_instance",
                    "depends_on": [
                        "aws_security_group.security_group_13",
                        "aws_subnet.subnet-6"
                    ],
                    "primary": {
                        "id": "i-09a6d38c7ae105f36",
                        "attributes": {
                            "ami": "ami-02ace471",
                            "associate_public_ip_address": "false",
                            "availability_zone": "eu-west-1b",
                            "disable_api_termination": "false",
                            "ebs_block_device.#": "0",
                            "ebs_optimized": "false",
                            "ephemeral_block_device.#": "0",
                            "iam_instance_profile": "",
                            "id": "i-09a6d38c7ae105f36",
                            "instance_state": "running",
                            "instance_type": "m4.large",
                            "ipv6_addresses.#": "0",
                            "key_name": "gce-key-pair",
                            "monitoring": "false",
                            "network_interface.#": "0",
                            "network_interface_id": "eni-5fd20670",
                            "primary_network_interface_id": "eni-5fd20670",
                            "private_dns": "ip-10-220-113-236.eu-west-1.compute.internal",
                            "private_ip": "10.220.113.236",
                            "public_dns": "",
                            "public_ip": "",
                            "root_block_device.#": "1",
                            "root_block_device.0.delete_on_termination": "true",
                            "root_block_device.0.iops": "100",
                            "root_block_device.0.volume_size": "10",
                            "root_block_device.0.volume_type": "gp2",
                            "security_groups.#": "0",
                            "source_dest_check": "true",
                            "subnet_id": "subnet-0a416c6d",
                            "tags.%": "1",
                            "tags.Name": "Kafka-Node-1",
                            "tenancy": "dedicated",
                            "volume_tags.%": "0",
                            "vpc_security_group_ids.#": "1",
                            "vpc_security_group_ids.4042508895": "sg-fc129387"
                        },
                        "meta": {
                            "e2bfb730-ecaa-11e6-8f88-34363bc7c4c0": {
                                "create": 600000000000,
                                "delete": 600000000000,
                                "update": 600000000000
                            },
                            "schema_version": "1"
                        },
                        "tainted": false
                    },
                    "deposed": [],
                    "provider": "provider.aws"
                },
                "aws_instance.instance14": {
                    "type": "aws_instance",
                    "depends_on": [
                        "aws_security_group.security_group_14",
                        "aws_subnet.subnet-3"
                    ],
                    "primary": {
                        "id": "i-0de26f1c6b9896371",
                        "attributes": {
                            "ami": "ami-02ace471",
                            "associate_public_ip_address": "false",
                            "availability_zone": "eu-west-1a",
                            "disable_api_termination": "false",
                            "ebs_block_device.#": "0",
                            "ebs_optimized": "false",
                            "ephemeral_block_device.#": "0",
                            "iam_instance_profile": "",
                            "id": "i-0de26f1c6b9896371",
                            "instance_state": "running",
                            "instance_type": "m4.large",
                            "ipv6_addresses.#": "0",
                            "key_name": "gce-key-pair",
                            "monitoring": "false",
                            "network_interface.#": "0",
                            "network_interface_id": "eni-ce470fce",
                            "primary_network_interface_id": "eni-ce470fce",
                            "private_dns": "ip-10-220-113-30.eu-west-1.compute.internal",
                            "private_ip": "10.220.113.30",
                            "public_dns": "",
                            "public_ip": "",
                            "root_block_device.#": "1",
                            "root_block_device.0.delete_on_termination": "true",
                            "root_block_device.0.iops": "100",
                            "root_block_device.0.volume_size": "10",
                            "root_block_device.0.volume_type": "gp2",
                            "security_groups.#": "0",
                            "source_dest_check": "true",
                            "subnet_id": "subnet-bcb2dce7",
                            "tags.%": "1",
                            "tags.Name": "Kafka-Node-2",
                            "tenancy": "dedicated",
                            "volume_tags.%": "0",
                            "vpc_security_group_ids.#": "1",
                            "vpc_security_group_ids.438715712": "sg-e3179698"
                        },
                        "meta": {
                            "e2bfb730-ecaa-11e6-8f88-34363bc7c4c0": {
                                "create": 600000000000,
                                "delete": 600000000000,
                                "update": 600000000000
                            },
                            "schema_version": "1"
                        },
                        "tainted": false
                    },
                    "deposed": [],
                    "provider": "provider.aws"
                },
                "aws_instance.instance16": {
                    "type": "aws_instance",
                    "depends_on": [
                        "aws_security_group.security_group_16",
                        "aws_subnet.subnet-6"
                    ],
                    "primary": {
                        "id": "i-004f0c2363a60a722",
                        "attributes": {
                            "ami": "ami-02ace471",
                            "associate_public_ip_address": "false",
                            "availability_zone": "eu-west-1b",
                            "disable_api_termination": "false",
                            "ebs_block_device.#": "0",
                            "ebs_optimized": "false",
                            "ephemeral_block_device.#": "0",
                            "iam_instance_profile": "",
                            "id": "i-004f0c2363a60a722",
                            "instance_state": "running",
                            "instance_type": "m4.large",
                            "ipv6_addresses.#": "0",
                            "key_name": "gce-key-pair",
                            "monitoring": "false",
                            "network_interface.#": "0",
                            "network_interface_id": "eni-36d20619",
                            "primary_network_interface_id": "eni-36d20619",
                            "private_dns": "ip-10-220-113-229.eu-west-1.compute.internal",
                            "private_ip": "10.220.113.229",
                            "public_dns": "",
                            "public_ip": "",
                            "root_block_device.#": "1",
                            "root_block_device.0.delete_on_termination": "true",
                            "root_block_device.0.iops": "100",
                            "root_block_device.0.volume_size": "10",
                            "root_block_device.0.volume_type": "gp2",
                            "security_groups.#": "0",
                            "source_dest_check": "true",
                            "subnet_id": "subnet-0a416c6d",
                            "tags.%": "1",
                            "tags.Name": "Couchbase-Node-1",
                            "tenancy": "dedicated",
                            "volume_tags.%": "0",
                            "vpc_security_group_ids.#": "1",
                            "vpc_security_group_ids.1658790614": "sg-53129328"
                        },
                        "meta": {
                            "e2bfb730-ecaa-11e6-8f88-34363bc7c4c0": {
                                "create": 600000000000,
                                "delete": 600000000000,
                                "update": 600000000000
                            },
                            "schema_version": "1"
                        },
                        "tainted": false
                    },
                    "deposed": [],
                    "provider": "provider.aws"
                },
                "aws_instance.instance17": {
                    "type": "aws_instance",
                    "depends_on": [
                        "aws_security_group.security_group_17",
                        "aws_subnet.subnet-3"
                    ],
                    "primary": {
                        "id": "i-067501991d9931700",
                        "attributes": {
                            "ami": "ami-02ace471",
                            "associate_public_ip_address": "false",
                            "availability_zone": "eu-west-1a",
                            "disable_api_termination": "false",
                            "ebs_block_device.#": "0",
                            "ebs_optimized": "false",
                            "ephemeral_block_device.#": "0",
                            "iam_instance_profile": "",
                            "id": "i-067501991d9931700",
                            "instance_state": "running",
                            "instance_type": "m4.large",
                            "ipv6_addresses.#": "0",
                            "key_name": "gce-key-pair",
                            "monitoring": "false",
                            "network_interface.#": "0",
                            "network_interface_id": "eni-fe5810fe",
                            "primary_network_interface_id": "eni-fe5810fe",
                            "private_dns": "ip-10-220-113-29.eu-west-1.compute.internal",
                            "private_ip": "10.220.113.29",
                            "public_dns": "",
                            "public_ip": "",
                            "root_block_device.#": "1",
                            "root_block_device.0.delete_on_termination": "true",
                            "root_block_device.0.iops": "100",
                            "root_block_device.0.volume_size": "10",
                            "root_block_device.0.volume_type": "gp2",
                            "security_groups.#": "0",
                            "source_dest_check": "true",
                            "subnet_id": "subnet-bcb2dce7",
                            "tags.%": "1",
                            "tags.Name": "Couchbase-Node-2",
                            "tenancy": "dedicated",
                            "volume_tags.%": "0",
                            "vpc_security_group_ids.#": "1",
                            "vpc_security_group_ids.2879393279": "sg-d51594ae"
                        },
                        "meta": {
                            "e2bfb730-ecaa-11e6-8f88-34363bc7c4c0": {
                                "create": 600000000000,
                                "delete": 600000000000,
                                "update": 600000000000
                            },
                            "schema_version": "1"
                        },
                        "tainted": false
                    },
                    "deposed": [],
                    "provider": "provider.aws"
                },
                "aws_instance.instance18": {
                    "type": "aws_instance",
                    "depends_on": [
                        "aws_security_group.security_group_18",
                        "aws_subnet.subnet-3"
                    ],
                    "primary": {
                        "id": "i-0c475ba00278ada9c",
                        "attributes": {
                            "ami": "ami-02ace471",
                            "associate_public_ip_address": "false",
                            "availability_zone": "eu-west-1a",
                            "disable_api_termination": "false",
                            "ebs_block_device.#": "0",
                            "ebs_optimized": "false",
                            "ephemeral_block_device.#": "0",
                            "iam_instance_profile": "",
                            "id": "i-0c475ba00278ada9c",
                            "instance_state": "running",
                            "instance_type": "m4.large",
                            "ipv6_addresses.#": "0",
                            "key_name": "gce-key-pair",
                            "monitoring": "false",
                            "network_interface.#": "0",
                            "network_interface_id": "eni-cf470fcf",
                            "primary_network_interface_id": "eni-cf470fcf",
                            "private_dns": "ip-10-220-113-33.eu-west-1.compute.internal",
                            "private_ip": "10.220.113.33",
                            "public_dns": "",
                            "public_ip": "",
                            "root_block_device.#": "1",
                            "root_block_device.0.delete_on_termination": "true",
                            "root_block_device.0.iops": "100",
                            "root_block_device.0.volume_size": "10",
                            "root_block_device.0.volume_type": "gp2",
                            "security_groups.#": "0",
                            "source_dest_check": "true",
                            "subnet_id": "subnet-bcb2dce7",
                            "tags.%": "1",
                            "tags.Name": "Couchbase-Node-3",
                            "tenancy": "dedicated",
                            "volume_tags.%": "0",
                            "vpc_security_group_ids.#": "1",
                            "vpc_security_group_ids.1235044620": "sg-b90e8fc2"
                        },
                        "meta": {
                            "e2bfb730-ecaa-11e6-8f88-34363bc7c4c0": {
                                "create": 600000000000,
                                "delete": 600000000000,
                                "update": 600000000000
                            },
                            "schema_version": "1"
                        },
                        "tainted": false
                    },
                    "deposed": [],
                    "provider": "provider.aws"
                },
                "aws_instance.instance2": {
                    "type": "aws_instance",
                    "depends_on": [],
                    "primary": {
                        "id": "i-0ff04bf4f58c25cb4",
                        "attributes": {
                            "ami": "ami-02ace471",
                            "associate_public_ip_address": "false",
                            "availability_zone": "eu-west-1a",
                            "disable_api_termination": "false",
                            "ebs_block_device.#": "0",
                            "ebs_optimized": "false",
                            "ephemeral_block_device.#": "0",
                            "iam_instance_profile": "",
                            "id": "i-0ff04bf4f58c25cb4",
                            "instance_state": "running",
                            "instance_type": "m4.large",
                            "ipv6_addresses.#": "0",
                            "key_name": "gce-key-pair",
                            "monitoring": "false",
                            "network_interface.#": "0",
                            "network_interface_id": "eni-42561e42",
                            "primary_network_interface_id": "eni-42561e42",
                            "private_dns": "ip-10-220-113-58.eu-west-1.compute.internal",
                            "private_ip": "10.220.113.58",
                            "public_dns": "",
                            "public_ip": "",
                            "root_block_device.#": "1",
                            "root_block_device.0.delete_on_termination": "true",
                            "root_block_device.0.iops": "100",
                            "root_block_device.0.volume_size": "10",
                            "root_block_device.0.volume_type": "gp2",
                            "security_groups.#": "0",
                            "source_dest_check": "true",
                            "subnet_id": "subnet-bcb2dce7",
                            "tags.%": "1",
                            "tags.Name": "HDFS-Secondary-Name-Node",
                            "tenancy": "dedicated",
                            "volume_tags.%": "0",
                            "vpc_security_group_ids.#": "1",
                            "vpc_security_group_ids.290718653": "sg-bc1392c7"
                        },
                        "meta": {
                            "e2bfb730-ecaa-11e6-8f88-34363bc7c4c0": {
                                "create": 600000000000,
                                "delete": 600000000000,
                                "update": 600000000000
                            },
                            "schema_version": "1"
                        },
                        "tainted": false
                    },
                    "deposed": [],
                    "provider": "provider.aws"
                },
                "aws_instance.instance3": {
                    "type": "aws_instance",
                    "depends_on": [
                        "aws_security_group.security_group_3",
                        "aws_subnet.subnet-4"
                    ],
                    "primary": {
                        "id": "i-0c134bcabaa6b2b8e",
                        "attributes": {
                            "ami": "ami-02ace471",
                            "associate_public_ip_address": "false",
                            "availability_zone": "eu-west-1b",
                            "disable_api_termination": "false",
                            "ebs_block_device.#": "0",
                            "ebs_optimized": "false",
                            "ephemeral_block_device.#": "0",
                            "iam_instance_profile": "",
                            "id": "i-0c134bcabaa6b2b8e",
                            "instance_state": "running",
                            "instance_type": "m4.large",
                            "ipv6_addresses.#": "0",
                            "key_name": "gce-key-pair",
                            "monitoring": "false",
                            "network_interface.#": "0",
                            "network_interface_id": "eni-2ad10505",
                            "primary_network_interface_id": "eni-2ad10505",
                            "private_dns": "ip-10-220-113-83.eu-west-1.compute.internal",
                            "private_ip": "10.220.113.83",
                            "public_dns": "",
                            "public_ip": "",
                            "root_block_device.#": "1",
                            "root_block_device.0.delete_on_termination": "true",
                            "root_block_device.0.iops": "100",
                            "root_block_device.0.volume_size": "10",
                            "root_block_device.0.volume_type": "gp2",
                            "security_groups.#": "0",
                            "source_dest_check": "true",
                            "subnet_id": "subnet-1b476a7c",
                            "tags.%": "1",
                            "tags.Name": "Metastore-Server",
                            "tenancy": "dedicated",
                            "volume_tags.%": "0",
                            "vpc_security_group_ids.#": "1",
                            "vpc_security_group_ids.2481660267": "sg-5a139221"
                        },
                        "meta": {
                            "e2bfb730-ecaa-11e6-8f88-34363bc7c4c0": {
                                "create": 600000000000,
                                "delete": 600000000000,
                                "update": 600000000000
                            },
                            "schema_version": "1"
                        },
                        "tainted": false
                    },
                    "deposed": [],
                    "provider": "provider.aws"
                },
                "aws_instance.instance4": {
                    "type": "aws_instance",
                    "depends_on": [
                        "aws_security_group.security_group_4",
                        "aws_subnet.subnet-3"
                    ],
                    "primary": {
                        "id": "i-03ffabe033ac72a8c",
                        "attributes": {
                            "ami": "ami-02ace471",
                            "associate_public_ip_address": "false",
                            "availability_zone": "eu-west-1a",
                            "disable_api_termination": "false",
                            "ebs_block_device.#": "0",
                            "ebs_optimized": "false",
                            "ephemeral_block_device.#": "0",
                            "iam_instance_profile": "",
                            "id": "i-03ffabe033ac72a8c",
                            "instance_state": "running",
                            "instance_type": "m4.large",
                            "ipv6_addresses.#": "0",
                            "key_name": "gce-key-pair",
                            "monitoring": "false",
                            "network_interface.#": "0",
                            "network_interface_id": "eni-13470f13",
                            "primary_network_interface_id": "eni-13470f13",
                            "private_dns": "ip-10-220-113-39.eu-west-1.compute.internal",
                            "private_ip": "10.220.113.39",
                            "public_dns": "",
                            "public_ip": "",
                            "root_block_device.#": "1",
                            "root_block_device.0.delete_on_termination": "true",
                            "root_block_device.0.iops": "100",
                            "root_block_device.0.volume_size": "10",
                            "root_block_device.0.volume_type": "gp2",
                            "security_groups.#": "0",
                            "source_dest_check": "true",
                            "subnet_id": "subnet-bcb2dce7",
                            "tags.%": "1",
                            "tags.Name": "HDFS-Data-Node-1",
                            "tenancy": "dedicated",
                            "volume_tags.%": "0",
                            "vpc_security_group_ids.#": "1",
                            "vpc_security_group_ids.4032446488": "sg-290e8f52"
                        },
                        "meta": {
                            "e2bfb730-ecaa-11e6-8f88-34363bc7c4c0": {
                                "create": 600000000000,
                                "delete": 600000000000,
                                "update": 600000000000
                            },
                            "schema_version": "1"
                        },
                        "tainted": false
                    },
                    "deposed": [],
                    "provider": "provider.aws"
                },
                "aws_instance.instance5": {
                    "type": "aws_instance",
                    "depends_on": [
                        "aws_security_group.security_group_5",
                        "aws_subnet.subnet-4"
                    ],
                    "primary": {
                        "id": "i-0d25554343eaad3d4",
                        "attributes": {
                            "ami": "ami-02ace471",
                            "associate_public_ip_address": "false",
                            "availability_zone": "eu-west-1b",
                            "disable_api_termination": "false",
                            "ebs_block_device.#": "0",
                            "ebs_optimized": "false",
                            "ephemeral_block_device.#": "0",
                            "iam_instance_profile": "",
                            "id": "i-0d25554343eaad3d4",
                            "instance_state": "running",
                            "instance_type": "m4.large",
                            "ipv6_addresses.#": "0",
                            "key_name": "gce-key-pair",
                            "monitoring": "false",
                            "network_interface.#": "0",
                            "network_interface_id": "eni-6bdc0844",
                            "primary_network_interface_id": "eni-6bdc0844",
                            "private_dns": "ip-10-220-113-88.eu-west-1.compute.internal",
                            "private_ip": "10.220.113.88",
                            "public_dns": "",
                            "public_ip": "",
                            "root_block_device.#": "1",
                            "root_block_device.0.delete_on_termination": "true",
                            "root_block_device.0.iops": "100",
                            "root_block_device.0.volume_size": "10",
                            "root_block_device.0.volume_type": "gp2",
                            "security_groups.#": "0",
                            "source_dest_check": "true",
                            "subnet_id": "subnet-1b476a7c",
                            "tags.%": "1",
                            "tags.Name": "HDFS-Data-Node-2",
                            "tenancy": "dedicated",
                            "volume_tags.%": "0",
                            "vpc_security_group_ids.#": "1",
                            "vpc_security_group_ids.3981387764": "sg-d61594ad"
                        },
                        "meta": {
                            "e2bfb730-ecaa-11e6-8f88-34363bc7c4c0": {
                                "create": 600000000000,
                                "delete": 600000000000,
                                "update": 600000000000
                            },
                            "schema_version": "1"
                        },
                        "tainted": false
                    },
                    "deposed": [],
                    "provider": "provider.aws"
                },
                "aws_instance.instance6": {
                    "type": "aws_instance",
                    "depends_on": [
                        "aws_security_group.security_group_6",
                        "aws_subnet.subnet-5"
                    ],
                    "primary": {
                        "id": "i-07732dc39b8bf7f06",
                        "attributes": {
                            "ami": "ami-02ace471",
                            "associate_public_ip_address": "false",
                            "availability_zone": "eu-west-1a",
                            "disable_api_termination": "false",
                            "ebs_block_device.#": "0",
                            "ebs_optimized": "false",
                            "ephemeral_block_device.#": "0",
                            "iam_instance_profile": "",
                            "id": "i-07732dc39b8bf7f06",
                            "instance_state": "running",
                            "instance_type": "m4.large",
                            "ipv6_addresses.#": "0",
                            "key_name": "gce-key-pair",
                            "monitoring": "false",
                            "network_interface.#": "0",
                            "network_interface_id": "eni-44541c44",
                            "primary_network_interface_id": "eni-44541c44",
                            "private_dns": "ip-10-220-113-166.eu-west-1.compute.internal",
                            "private_ip": "10.220.113.166",
                            "public_dns": "",
                            "public_ip": "",
                            "root_block_device.#": "1",
                            "root_block_device.0.delete_on_termination": "true",
                            "root_block_device.0.iops": "100",
                            "root_block_device.0.volume_size": "10",
                            "root_block_device.0.volume_type": "gp2",
                            "security_groups.#": "0",
                            "source_dest_check": "true",
                            "subnet_id": "subnet-5db0de06",
                            "tags.%": "1",
                            "tags.Name": "HDFS-Data-Node-3",
                            "tenancy": "dedicated",
                            "volume_tags.%": "0",
                            "vpc_security_group_ids.#": "1",
                            "vpc_security_group_ids.3518355184": "sg-5c129327"
                        },
                        "meta": {
                            "e2bfb730-ecaa-11e6-8f88-34363bc7c4c0": {
                                "create": 600000000000,
                                "delete": 600000000000,
                                "update": 600000000000
                            },
                            "schema_version": "1"
                        },
                        "tainted": false
                    },
                    "deposed": [],
                    "provider": "provider.aws"
                },
                "aws_instance.instance7": {
                    "type": "aws_instance",
                    "depends_on": [],
                    "primary": {
                        "id": "i-0122dba0db66f1d45",
                        "attributes": {
                            "ami": "ami-02ace471",
                            "associate_public_ip_address": "false",
                            "availability_zone": "eu-west-1a",
                            "disable_api_termination": "false",
                            "ebs_block_device.#": "0",
                            "ebs_optimized": "false",
                            "ephemeral_block_device.#": "0",
                            "iam_instance_profile": "",
                            "id": "i-0122dba0db66f1d45",
                            "instance_state": "running",
                            "instance_type": "m4.large",
                            "ipv6_addresses.#": "0",
                            "key_name": "gce-key-pair",
                            "monitoring": "false",
                            "network_interface.#": "0",
                            "network_interface_id": "eni-14551d14",
                            "primary_network_interface_id": "eni-14551d14",
                            "private_dns": "ip-10-220-113-59.eu-west-1.compute.internal",
                            "private_ip": "10.220.113.59",
                            "public_dns": "",
                            "public_ip": "",
                            "root_block_device.#": "1",
                            "root_block_device.0.delete_on_termination": "true",
                            "root_block_device.0.iops": "100",
                            "root_block_device.0.volume_size": "10",
                            "root_block_device.0.volume_type": "gp2",
                            "security_groups.#": "0",
                            "source_dest_check": "true",
                            "subnet_id": "subnet-bcb2dce7",
                            "tags.%": "1",
                            "tags.Name": "Cloudera-Manager",
                            "tenancy": "dedicated",
                            "volume_tags.%": "0",
                            "vpc_security_group_ids.#": "1",
                            "vpc_security_group_ids.1989763776": "sg-9a1998e1"
                        },
                        "meta": {
                            "e2bfb730-ecaa-11e6-8f88-34363bc7c4c0": {
                                "create": 600000000000,
                                "delete": 600000000000,
                                "update": 600000000000
                            },
                            "schema_version": "1"
                        },
                        "tainted": false
                    },
                    "deposed": [],
                    "provider": "provider.aws"
                },
                "aws_instance.instance8": {
                    "type": "aws_instance",
                    "depends_on": [],
                    "primary": {
                        "id": "i-06dbedde802c6a27a",
                        "attributes": {
                            "ami": "ami-02ace471",
                            "associate_public_ip_address": "false",
                            "availability_zone": "eu-west-1a",
                            "disable_api_termination": "false",
                            "ebs_block_device.#": "0",
                            "ebs_optimized": "false",
                            "ephemeral_block_device.#": "0",
                            "iam_instance_profile": "",
                            "id": "i-06dbedde802c6a27a",
                            "instance_state": "running",
                            "instance_type": "m4.large",
                            "ipv6_addresses.#": "0",
                            "key_name": "gce-key-pair",
                            "monitoring": "false",
                            "network_interface.#": "0",
                            "network_interface_id": "eni-a7541ca7",
                            "primary_network_interface_id": "eni-a7541ca7",
                            "private_dns": "ip-10-220-113-14.eu-west-1.compute.internal",
                            "private_ip": "10.220.113.14",
                            "public_dns": "",
                            "public_ip": "",
                            "root_block_device.#": "1",
                            "root_block_device.0.delete_on_termination": "true",
                            "root_block_device.0.iops": "100",
                            "root_block_device.0.volume_size": "10",
                            "root_block_device.0.volume_type": "gp2",
                            "security_groups.#": "0",
                            "source_dest_check": "true",
                            "subnet_id": "subnet-bcb2dce7",
                            "tags.%": "1",
                            "tags.Name": "Kudu-Master-1",
                            "tenancy": "dedicated",
                            "volume_tags.%": "0",
                            "vpc_security_group_ids.#": "1",
                            "vpc_security_group_ids.3232677734": "sg-ba0e8fc1"
                        },
                        "meta": {
                            "e2bfb730-ecaa-11e6-8f88-34363bc7c4c0": {
                                "create": 600000000000,
                                "delete": 600000000000,
                                "update": 600000000000
                            },
                            "schema_version": "1"
                        },
                        "tainted": false
                    },
                    "deposed": [],
                    "provider": "provider.aws"
                },
                "aws_instance.instance9": {
                    "type": "aws_instance",
                    "depends_on": [
                        "aws_security_group.security_group_9",
                        "aws_subnet.subnet-3"
                    ],
                    "primary": {
                        "id": "i-021acb5b1fc77792c",
                        "attributes": {
                            "ami": "ami-02ace471",
                            "associate_public_ip_address": "false",
                            "availability_zone": "eu-west-1a",
                            "disable_api_termination": "false",
                            "ebs_block_device.#": "0",
                            "ebs_optimized": "false",
                            "ephemeral_block_device.#": "0",
                            "iam_instance_profile": "",
                            "id": "i-021acb5b1fc77792c",
                            "instance_state": "running",
                            "instance_type": "m4.large",
                            "ipv6_addresses.#": "0",
                            "key_name": "gce-key-pair",
                            "monitoring": "false",
                            "network_interface.#": "0",
                            "network_interface_id": "eni-d15a12d1",
                            "primary_network_interface_id": "eni-d15a12d1",
                            "private_dns": "ip-10-220-113-11.eu-west-1.compute.internal",
                            "private_ip": "10.220.113.11",
                            "public_dns": "",
                            "public_ip": "",
                            "root_block_device.#": "1",
                            "root_block_device.0.delete_on_termination": "true",
                            "root_block_device.0.iops": "100",
                            "root_block_device.0.volume_size": "10",
                            "root_block_device.0.volume_type": "gp2",
                            "security_groups.#": "0",
                            "source_dest_check": "true",
                            "subnet_id": "subnet-bcb2dce7",
                            "tags.%": "1",
                            "tags.Name": "Kudu-Master-2",
                            "tenancy": "dedicated",
                            "volume_tags.%": "0",
                            "vpc_security_group_ids.#": "1",
                            "vpc_security_group_ids.896985789": "sg-e40d8c9f"
                        },
                        "meta": {
                            "e2bfb730-ecaa-11e6-8f88-34363bc7c4c0": {
                                "create": 600000000000,
                                "delete": 600000000000,
                                "update": 600000000000
                            },
                            "schema_version": "1"
                        },
                        "tainted": false
                    },
                    "deposed": [],
                    "provider": "provider.aws"
                },
                "aws_internet_gateway.gce-int-gateway": {
                    "type": "aws_internet_gateway",
                    "depends_on": [
                        "aws_vpc.gce_vpc"
                    ],
                    "primary": {
                        "id": "igw-0904fb6e",
                        "attributes": {
                            "id": "igw-0904fb6e",
                            "tags.%": "0",
                            "vpc_id": "vpc-be1826d9"
                        },
                        "meta": {},
                        "tainted": false
                    },
                    "deposed": [],
                    "provider": "provider.aws"
                },
                "aws_nat_gateway.gce-nat": {
                    "type": "aws_nat_gateway",
                    "depends_on": [
                        "aws_eip.gce-eip",
                        "aws_subnet.subnet-1"
                    ],
                    "primary": {
                        "id": "nat-0186ff9d09e2511aa",
                        "attributes": {
                            "allocation_id": "eipalloc-162fc32b",
                            "id": "nat-0186ff9d09e2511aa",
                            "network_interface_id": "eni-ffa276d0",
                            "private_ip": "10.220.112.52",
                            "public_ip": "34.249.5.221",
                            "subnet_id": "subnet-504b6637",
                            "tags.%": "1",
                            "tags.Name": "GCE-NAT"
                        },
                        "meta": {},
                        "tainted": false
                    },
                    "deposed": [],
                    "provider": "provider.aws"
                },
                "aws_route53_record.app": {
                    "type": "aws_route53_record",
                    "depends_on": [],
                    "primary": {
                        "id": "Z3RR55M6CTYD4Z_app.dev.affinionservices.com_A",
                        "attributes": {
                            "fqdn": "app.dev.affinionservices.com",
                            "health_check_id": "",
                            "id": "Z3RR55M6CTYD4Z_app.dev.affinionservices.com_A",
                            "name": "app.dev.affinionservices.com",
                            "records.#": "1",
                            "records.3758446074": "2.2.2.2",
                            "set_identifier": "",
                            "ttl": "300",
                            "type": "A",
                            "zone_id": "Z3RR55M6CTYD4Z"
                        },
                        "meta": {
                            "schema_version": "2"
                        },
                        "tainted": false
                    },
                    "deposed": [],
                    "provider": "provider.aws"
                },
                "aws_route_table.private-route": {
                    "type": "aws_route_table",
                    "depends_on": [
                        "aws_nat_gateway.gce-nat",
                        "aws_vpc.gce_vpc"
                    ],
                    "primary": {
                        "id": "rtb-829eefe4",
                        "attributes": {
                            "id": "rtb-829eefe4",
                            "propagating_vgws.#": "0",
                            "route.#": "1",
                            "route.255009016.cidr_block": "0.0.0.0/0",
                            "route.255009016.egress_only_gateway_id": "",
                            "route.255009016.gateway_id": "",
                            "route.255009016.instance_id": "",
                            "route.255009016.ipv6_cidr_block": "",
                            "route.255009016.nat_gateway_id": "nat-0186ff9d09e2511aa",
                            "route.255009016.network_interface_id": "",
                            "route.255009016.vpc_peering_connection_id": "",
                            "tags.%": "1",
                            "tags.Name": "private-route",
                            "vpc_id": "vpc-be1826d9"
                        },
                        "meta": {},
                        "tainted": false
                    },
                    "deposed": [],
                    "provider": "provider.aws"
                },
                "aws_route_table.public-route": {
                    "type": "aws_route_table",
                    "depends_on": [
                        "aws_internet_gateway.gce-int-gateway",
                        "aws_vpc.gce_vpc"
                    ],
                    "primary": {
                        "id": "rtb-fa9aeb9c",
                        "attributes": {
                            "id": "rtb-fa9aeb9c",
                            "propagating_vgws.#": "0",
                            "route.#": "1",
                            "route.166817166.cidr_block": "0.0.0.0/0",
                            "route.166817166.egress_only_gateway_id": "",
                            "route.166817166.gateway_id": "igw-0904fb6e",
                            "route.166817166.instance_id": "",
                            "route.166817166.ipv6_cidr_block": "",
                            "route.166817166.nat_gateway_id": "",
                            "route.166817166.network_interface_id": "",
                            "route.166817166.vpc_peering_connection_id": "",
                            "tags.%": "1",
                            "tags.Name": "public-route",
                            "vpc_id": "vpc-be1826d9"
                        },
                        "meta": {},
                        "tainted": false
                    },
                    "deposed": [],
                    "provider": "provider.aws"
                },
                "aws_route_table_association.private_route_association1": {
                    "type": "aws_route_table_association",
                    "depends_on": [
                        "aws_route_table.private-route",
                        "aws_subnet.subnet-3"
                    ],
                    "primary": {
                        "id": "rtbassoc-84bee3fd",
                        "attributes": {
                            "id": "rtbassoc-84bee3fd",
                            "route_table_id": "rtb-829eefe4",
                            "subnet_id": "subnet-bcb2dce7"
                        },
                        "meta": {},
                        "tainted": false
                    },
                    "deposed": [],
                    "provider": "provider.aws"
                },
                "aws_route_table_association.private_route_association2": {
                    "type": "aws_route_table_association",
                    "depends_on": [
                        "aws_route_table.private-route",
                        "aws_subnet.subnet-4"
                    ],
                    "primary": {
                        "id": "rtbassoc-a5bfe2dc",
                        "attributes": {
                            "id": "rtbassoc-a5bfe2dc",
                            "route_table_id": "rtb-829eefe4",
                            "subnet_id": "subnet-1b476a7c"
                        },
                        "meta": {},
                        "tainted": false
                    },
                    "deposed": [],
                    "provider": "provider.aws"
                },
                "aws_route_table_association.private_route_association3": {
                    "type": "aws_route_table_association",
                    "depends_on": [
                        "aws_route_table.private-route",
                        "aws_subnet.subnet-5"
                    ],
                    "primary": {
                        "id": "rtbassoc-aabae7d3",
                        "attributes": {
                            "id": "rtbassoc-aabae7d3",
                            "route_table_id": "rtb-829eefe4",
                            "subnet_id": "subnet-5db0de06"
                        },
                        "meta": {},
                        "tainted": false
                    },
                    "deposed": [],
                    "provider": "provider.aws"
                },
                "aws_route_table_association.private_route_association4": {
                    "type": "aws_route_table_association",
                    "depends_on": [
                        "aws_route_table.private-route",
                        "aws_subnet.subnet-6"
                    ],
                    "primary": {
                        "id": "rtbassoc-9dbde0e4",
                        "attributes": {
                            "id": "rtbassoc-9dbde0e4",
                            "route_table_id": "rtb-829eefe4",
                            "subnet_id": "subnet-0a416c6d"
                        },
                        "meta": {},
                        "tainted": false
                    },
                    "deposed": [],
                    "provider": "provider.aws"
                },
                "aws_route_table_association.public_route_association1": {
                    "type": "aws_route_table_association",
                    "depends_on": [
                        "aws_route_table.public-route",
                        "aws_subnet.subnet-1"
                    ],
                    "primary": {
                        "id": "rtbassoc-61b7ea18",
                        "attributes": {
                            "id": "rtbassoc-61b7ea18",
                            "route_table_id": "rtb-fa9aeb9c",
                            "subnet_id": "subnet-504b6637"
                        },
                        "meta": {},
                        "tainted": false
                    },
                    "deposed": [],
                    "provider": "provider.aws"
                },
                "aws_route_table_association.public_route_association2": {
                    "type": "aws_route_table_association",
                    "depends_on": [
                        "aws_route_table.public-route",
                        "aws_subnet.subnet-2"
                    ],
                    "primary": {
                        "id": "rtbassoc-8cbee3f5",
                        "attributes": {
                            "id": "rtbassoc-8cbee3f5",
                            "route_table_id": "rtb-fa9aeb9c",
                            "subnet_id": "subnet-b44a67d3"
                        },
                        "meta": {},
                        "tainted": false
                    },
                    "deposed": [],
                    "provider": "provider.aws"
                },
                "aws_security_group.security_group_1": {
                    "type": "aws_security_group",
                    "depends_on": [
                        "aws_vpc.gce_vpc"
                    ],
                    "primary": {
                        "id": "sg-b31392c8",
                        "attributes": {
                            "description": "Allow inbound traffic from ",
                            "egress.#": "0",
                            "id": "sg-b31392c8",
                            "ingress.#": "1",
                            "ingress.1403647648.cidr_blocks.#": "1",
                            "ingress.1403647648.cidr_blocks.0": "0.0.0.0/0",
                            "ingress.1403647648.description": "",
                            "ingress.1403647648.from_port": "0",
                            "ingress.1403647648.ipv6_cidr_blocks.#": "0",
                            "ingress.1403647648.protocol": "tcp",
                            "ingress.1403647648.security_groups.#": "0",
                            "ingress.1403647648.self": "false",
                            "ingress.1403647648.to_port": "65535",
                            "name": "HDFS-Name-Node",
                            "owner_id": "006378141167",
                            "revoke_rules_on_delete": "false",
                            "tags.%": "1",
                            "tags.Name": "HDFS-Name-Node",
                            "vpc_id": "vpc-be1826d9"
                        },
                        "meta": {
                            "schema_version": "1"
                        },
                        "tainted": false
                    },
                    "deposed": [],
                    "provider": "provider.aws"
                },
                "aws_security_group.security_group_10": {
                    "type": "aws_security_group",
                    "depends_on": [
                        "aws_vpc.gce_vpc"
                    ],
                    "primary": {
                        "id": "sg-f40f8e8f",
                        "attributes": {
                            "description": "Allow inbound traffic from ",
                            "egress.#": "0",
                            "id": "sg-f40f8e8f",
                            "ingress.#": "1",
                            "ingress.1403647648.cidr_blocks.#": "1",
                            "ingress.1403647648.cidr_blocks.0": "0.0.0.0/0",
                            "ingress.1403647648.description": "",
                            "ingress.1403647648.from_port": "0",
                            "ingress.1403647648.ipv6_cidr_blocks.#": "0",
                            "ingress.1403647648.protocol": "tcp",
                            "ingress.1403647648.security_groups.#": "0",
                            "ingress.1403647648.self": "false",
                            "ingress.1403647648.to_port": "65535",
                            "name": "Kudu-Tablet-1",
                            "owner_id": "006378141167",
                            "revoke_rules_on_delete": "false",
                            "tags.%": "1",
                            "tags.Name": "Kudu-Tablet-1",
                            "vpc_id": "vpc-be1826d9"
                        },
                        "meta": {
                            "schema_version": "1"
                        },
                        "tainted": false
                    },
                    "deposed": [],
                    "provider": "provider.aws"
                },
                "aws_security_group.security_group_11": {
                    "type": "aws_security_group",
                    "depends_on": [
                        "aws_vpc.gce_vpc"
                    ],
                    "primary": {
                        "id": "sg-de1091a5",
                        "attributes": {
                            "description": "Allow inbound traffic from ",
                            "egress.#": "0",
                            "id": "sg-de1091a5",
                            "ingress.#": "1",
                            "ingress.1403647648.cidr_blocks.#": "1",
                            "ingress.1403647648.cidr_blocks.0": "0.0.0.0/0",
                            "ingress.1403647648.description": "",
                            "ingress.1403647648.from_port": "0",
                            "ingress.1403647648.ipv6_cidr_blocks.#": "0",
                            "ingress.1403647648.protocol": "tcp",
                            "ingress.1403647648.security_groups.#": "0",
                            "ingress.1403647648.self": "false",
                            "ingress.1403647648.to_port": "65535",
                            "name": "Kudu-Tablet-2",
                            "owner_id": "006378141167",
                            "revoke_rules_on_delete": "false",
                            "tags.%": "1",
                            "tags.Name": "Kudu-Tablet-2",
                            "vpc_id": "vpc-be1826d9"
                        },
                        "meta": {
                            "schema_version": "1"
                        },
                        "tainted": false
                    },
                    "deposed": [],
                    "provider": "provider.aws"
                },
                "aws_security_group.security_group_12": {
                    "type": "aws_security_group",
                    "depends_on": [
                        "aws_vpc.gce_vpc"
                    ],
                    "primary": {
                        "id": "sg-52129329",
                        "attributes": {
                            "description": "Allow inbound traffic from ",
                            "egress.#": "0",
                            "id": "sg-52129329",
                            "ingress.#": "1",
                            "ingress.1403647648.cidr_blocks.#": "1",
                            "ingress.1403647648.cidr_blocks.0": "0.0.0.0/0",
                            "ingress.1403647648.description": "",
                            "ingress.1403647648.from_port": "0",
                            "ingress.1403647648.ipv6_cidr_blocks.#": "0",
                            "ingress.1403647648.protocol": "tcp",
                            "ingress.1403647648.security_groups.#": "0",
                            "ingress.1403647648.self": "false",
                            "ingress.1403647648.to_port": "65535",
                            "name": "Kudu-Tablet-3",
                            "owner_id": "006378141167",
                            "revoke_rules_on_delete": "false",
                            "tags.%": "1",
                            "tags.Name": "Kudu-Tablet-3",
                            "vpc_id": "vpc-be1826d9"
                        },
                        "meta": {
                            "schema_version": "1"
                        },
                        "tainted": false
                    },
                    "deposed": [],
                    "provider": "provider.aws"
                },
                "aws_security_group.security_group_13": {
                    "type": "aws_security_group",
                    "depends_on": [
                        "aws_vpc.gce_vpc"
                    ],
                    "primary": {
                        "id": "sg-fc129387",
                        "attributes": {
                            "description": "Allow inbound traffic from ",
                            "egress.#": "0",
                            "id": "sg-fc129387",
                            "ingress.#": "1",
                            "ingress.1403647648.cidr_blocks.#": "1",
                            "ingress.1403647648.cidr_blocks.0": "0.0.0.0/0",
                            "ingress.1403647648.description": "",
                            "ingress.1403647648.from_port": "0",
                            "ingress.1403647648.ipv6_cidr_blocks.#": "0",
                            "ingress.1403647648.protocol": "tcp",
                            "ingress.1403647648.security_groups.#": "0",
                            "ingress.1403647648.self": "false",
                            "ingress.1403647648.to_port": "65535",
                            "name": "Kafka-Node-1",
                            "owner_id": "006378141167",
                            "revoke_rules_on_delete": "false",
                            "tags.%": "1",
                            "tags.Name": "Kafka-Node-1",
                            "vpc_id": "vpc-be1826d9"
                        },
                        "meta": {
                            "schema_version": "1"
                        },
                        "tainted": false
                    },
                    "deposed": [],
                    "provider": "provider.aws"
                },
                "aws_security_group.security_group_14": {
                    "type": "aws_security_group",
                    "depends_on": [
                        "aws_vpc.gce_vpc"
                    ],
                    "primary": {
                        "id": "sg-e3179698",
                        "attributes": {
                            "description": "Allow inbound traffic from ",
                            "egress.#": "0",
                            "id": "sg-e3179698",
                            "ingress.#": "1",
                            "ingress.1403647648.cidr_blocks.#": "1",
                            "ingress.1403647648.cidr_blocks.0": "0.0.0.0/0",
                            "ingress.1403647648.description": "",
                            "ingress.1403647648.from_port": "0",
                            "ingress.1403647648.ipv6_cidr_blocks.#": "0",
                            "ingress.1403647648.protocol": "tcp",
                            "ingress.1403647648.security_groups.#": "0",
                            "ingress.1403647648.self": "false",
                            "ingress.1403647648.to_port": "65535",
                            "name": "Kafka-Node-2",
                            "owner_id": "006378141167",
                            "revoke_rules_on_delete": "false",
                            "tags.%": "1",
                            "tags.Name": "Kafka-Node-2",
                            "vpc_id": "vpc-be1826d9"
                        },
                        "meta": {
                            "schema_version": "1"
                        },
                        "tainted": false
                    },
                    "deposed": [],
                    "provider": "provider.aws"
                },
                "aws_security_group.security_group_15": {
                    "type": "aws_security_group",
                    "depends_on": [
                        "aws_vpc.gce_vpc"
                    ],
                    "primary": {
                        "id": "sg-7714950c",
                        "attributes": {
                            "description": "Allow inbound traffic from ",
                            "egress.#": "0",
                            "id": "sg-7714950c",
                            "ingress.#": "1",
                            "ingress.1403647648.cidr_blocks.#": "1",
                            "ingress.1403647648.cidr_blocks.0": "0.0.0.0/0",
                            "ingress.1403647648.description": "",
                            "ingress.1403647648.from_port": "0",
                            "ingress.1403647648.ipv6_cidr_blocks.#": "0",
                            "ingress.1403647648.protocol": "tcp",
                            "ingress.1403647648.security_groups.#": "0",
                            "ingress.1403647648.self": "false",
                            "ingress.1403647648.to_port": "65535",
                            "name": "Kafka-Node-3",
                            "owner_id": "006378141167",
                            "revoke_rules_on_delete": "false",
                            "tags.%": "1",
                            "tags.Name": "Kafka-Node-3",
                            "vpc_id": "vpc-be1826d9"
                        },
                        "meta": {
                            "schema_version": "1"
                        },
                        "tainted": false
                    },
                    "deposed": [],
                    "provider": "provider.aws"
                },
                "aws_security_group.security_group_16": {
                    "type": "aws_security_group",
                    "depends_on": [
                        "aws_vpc.gce_vpc"
                    ],
                    "primary": {
                        "id": "sg-53129328",
                        "attributes": {
                            "description": "Allow inbound traffic from ",
                            "egress.#": "0",
                            "id": "sg-53129328",
                            "ingress.#": "1",
                            "ingress.1403647648.cidr_blocks.#": "1",
                            "ingress.1403647648.cidr_blocks.0": "0.0.0.0/0",
                            "ingress.1403647648.description": "",
                            "ingress.1403647648.from_port": "0",
                            "ingress.1403647648.ipv6_cidr_blocks.#": "0",
                            "ingress.1403647648.protocol": "tcp",
                            "ingress.1403647648.security_groups.#": "0",
                            "ingress.1403647648.self": "false",
                            "ingress.1403647648.to_port": "65535",
                            "name": "Couchbase-Node-1",
                            "owner_id": "006378141167",
                            "revoke_rules_on_delete": "false",
                            "tags.%": "1",
                            "tags.Name": "Couchbase-Node-1",
                            "vpc_id": "vpc-be1826d9"
                        },
                        "meta": {
                            "schema_version": "1"
                        },
                        "tainted": false
                    },
                    "deposed": [],
                    "provider": "provider.aws"
                },
                "aws_security_group.security_group_17": {
                    "type": "aws_security_group",
                    "depends_on": [
                        "aws_vpc.gce_vpc"
                    ],
                    "primary": {
                        "id": "sg-d51594ae",
                        "attributes": {
                            "description": "Allow inbound traffic from ",
                            "egress.#": "0",
                            "id": "sg-d51594ae",
                            "ingress.#": "1",
                            "ingress.1403647648.cidr_blocks.#": "1",
                            "ingress.1403647648.cidr_blocks.0": "0.0.0.0/0",
                            "ingress.1403647648.description": "",
                            "ingress.1403647648.from_port": "0",
                            "ingress.1403647648.ipv6_cidr_blocks.#": "0",
                            "ingress.1403647648.protocol": "tcp",
                            "ingress.1403647648.security_groups.#": "0",
                            "ingress.1403647648.self": "false",
                            "ingress.1403647648.to_port": "65535",
                            "name": "Couchbase-Node-2",
                            "owner_id": "006378141167",
                            "revoke_rules_on_delete": "false",
                            "tags.%": "1",
                            "tags.Name": "Couchbase-Node-2",
                            "vpc_id": "vpc-be1826d9"
                        },
                        "meta": {
                            "schema_version": "1"
                        },
                        "tainted": false
                    },
                    "deposed": [],
                    "provider": "provider.aws"
                },
                "aws_security_group.security_group_18": {
                    "type": "aws_security_group",
                    "depends_on": [
                        "aws_vpc.gce_vpc"
                    ],
                    "primary": {
                        "id": "sg-b90e8fc2",
                        "attributes": {
                            "description": "Allow inbound traffic from ",
                            "egress.#": "0",
                            "id": "sg-b90e8fc2",
                            "ingress.#": "1",
                            "ingress.1403647648.cidr_blocks.#": "1",
                            "ingress.1403647648.cidr_blocks.0": "0.0.0.0/0",
                            "ingress.1403647648.description": "",
                            "ingress.1403647648.from_port": "0",
                            "ingress.1403647648.ipv6_cidr_blocks.#": "0",
                            "ingress.1403647648.protocol": "tcp",
                            "ingress.1403647648.security_groups.#": "0",
                            "ingress.1403647648.self": "false",
                            "ingress.1403647648.to_port": "65535",
                            "name": "Couchbase-Node-3",
                            "owner_id": "006378141167",
                            "revoke_rules_on_delete": "false",
                            "tags.%": "1",
                            "tags.Name": "Couchbase-Node-3",
                            "vpc_id": "vpc-be1826d9"
                        },
                        "meta": {
                            "schema_version": "1"
                        },
                        "tainted": false
                    },
                    "deposed": [],
                    "provider": "provider.aws"
                },
                "aws_security_group.security_group_2": {
                    "type": "aws_security_group",
                    "depends_on": [
                        "aws_vpc.gce_vpc"
                    ],
                    "primary": {
                        "id": "sg-bc1392c7",
                        "attributes": {
                            "description": "Allow inbound traffic from ",
                            "egress.#": "0",
                            "id": "sg-bc1392c7",
                            "ingress.#": "1",
                            "ingress.1403647648.cidr_blocks.#": "1",
                            "ingress.1403647648.cidr_blocks.0": "0.0.0.0/0",
                            "ingress.1403647648.description": "",
                            "ingress.1403647648.from_port": "0",
                            "ingress.1403647648.ipv6_cidr_blocks.#": "0",
                            "ingress.1403647648.protocol": "tcp",
                            "ingress.1403647648.security_groups.#": "0",
                            "ingress.1403647648.self": "false",
                            "ingress.1403647648.to_port": "65535",
                            "name": "HDFS-Secondary-Name-Node",
                            "owner_id": "006378141167",
                            "revoke_rules_on_delete": "false",
                            "tags.%": "1",
                            "tags.Name": "HDFS-Secondary-Name-Node",
                            "vpc_id": "vpc-be1826d9"
                        },
                        "meta": {
                            "schema_version": "1"
                        },
                        "tainted": false
                    },
                    "deposed": [],
                    "provider": "provider.aws"
                },
                "aws_security_group.security_group_3": {
                    "type": "aws_security_group",
                    "depends_on": [
                        "aws_vpc.gce_vpc"
                    ],
                    "primary": {
                        "id": "sg-5a139221",
                        "attributes": {
                            "description": "Allow inbound traffic from ",
                            "egress.#": "0",
                            "id": "sg-5a139221",
                            "ingress.#": "1",
                            "ingress.1403647648.cidr_blocks.#": "1",
                            "ingress.1403647648.cidr_blocks.0": "0.0.0.0/0",
                            "ingress.1403647648.description": "",
                            "ingress.1403647648.from_port": "0",
                            "ingress.1403647648.ipv6_cidr_blocks.#": "0",
                            "ingress.1403647648.protocol": "tcp",
                            "ingress.1403647648.security_groups.#": "0",
                            "ingress.1403647648.self": "false",
                            "ingress.1403647648.to_port": "65535",
                            "name": "Metastore-Server",
                            "owner_id": "006378141167",
                            "revoke_rules_on_delete": "false",
                            "tags.%": "1",
                            "tags.Name": "Metastore-Server",
                            "vpc_id": "vpc-be1826d9"
                        },
                        "meta": {
                            "schema_version": "1"
                        },
                        "tainted": false
                    },
                    "deposed": [],
                    "provider": "provider.aws"
                },
                "aws_security_group.security_group_4": {
                    "type": "aws_security_group",
                    "depends_on": [
                        "aws_vpc.gce_vpc"
                    ],
                    "primary": {
                        "id": "sg-290e8f52",
                        "attributes": {
                            "description": "Allow inbound traffic from ",
                            "egress.#": "0",
                            "id": "sg-290e8f52",
                            "ingress.#": "1",
                            "ingress.1403647648.cidr_blocks.#": "1",
                            "ingress.1403647648.cidr_blocks.0": "0.0.0.0/0",
                            "ingress.1403647648.description": "",
                            "ingress.1403647648.from_port": "0",
                            "ingress.1403647648.ipv6_cidr_blocks.#": "0",
                            "ingress.1403647648.protocol": "tcp",
                            "ingress.1403647648.security_groups.#": "0",
                            "ingress.1403647648.self": "false",
                            "ingress.1403647648.to_port": "65535",
                            "name": "HDFS-Data-Node-1",
                            "owner_id": "006378141167",
                            "revoke_rules_on_delete": "false",
                            "tags.%": "1",
                            "tags.Name": "HDFS-Data-Node-1",
                            "vpc_id": "vpc-be1826d9"
                        },
                        "meta": {
                            "schema_version": "1"
                        },
                        "tainted": false
                    },
                    "deposed": [],
                    "provider": "provider.aws"
                },
                "aws_security_group.security_group_5": {
                    "type": "aws_security_group",
                    "depends_on": [
                        "aws_vpc.gce_vpc"
                    ],
                    "primary": {
                        "id": "sg-d61594ad",
                        "attributes": {
                            "description": "Allow inbound traffic from ",
                            "egress.#": "0",
                            "id": "sg-d61594ad",
                            "ingress.#": "1",
                            "ingress.1403647648.cidr_blocks.#": "1",
                            "ingress.1403647648.cidr_blocks.0": "0.0.0.0/0",
                            "ingress.1403647648.description": "",
                            "ingress.1403647648.from_port": "0",
                            "ingress.1403647648.ipv6_cidr_blocks.#": "0",
                            "ingress.1403647648.protocol": "tcp",
                            "ingress.1403647648.security_groups.#": "0",
                            "ingress.1403647648.self": "false",
                            "ingress.1403647648.to_port": "65535",
                            "name": "HDFS-Data-Node-2",
                            "owner_id": "006378141167",
                            "revoke_rules_on_delete": "false",
                            "tags.%": "1",
                            "tags.Name": "HDFS-Data-Node-2",
                            "vpc_id": "vpc-be1826d9"
                        },
                        "meta": {
                            "schema_version": "1"
                        },
                        "tainted": false
                    },
                    "deposed": [],
                    "provider": "provider.aws"
                },
                "aws_security_group.security_group_6": {
                    "type": "aws_security_group",
                    "depends_on": [
                        "aws_vpc.gce_vpc"
                    ],
                    "primary": {
                        "id": "sg-5c129327",
                        "attributes": {
                            "description": "Allow inbound traffic from ",
                            "egress.#": "0",
                            "id": "sg-5c129327",
                            "ingress.#": "1",
                            "ingress.1403647648.cidr_blocks.#": "1",
                            "ingress.1403647648.cidr_blocks.0": "0.0.0.0/0",
                            "ingress.1403647648.description": "",
                            "ingress.1403647648.from_port": "0",
                            "ingress.1403647648.ipv6_cidr_blocks.#": "0",
                            "ingress.1403647648.protocol": "tcp",
                            "ingress.1403647648.security_groups.#": "0",
                            "ingress.1403647648.self": "false",
                            "ingress.1403647648.to_port": "65535",
                            "name": "HDFS-Data-Node-3",
                            "owner_id": "006378141167",
                            "revoke_rules_on_delete": "false",
                            "tags.%": "1",
                            "tags.Name": "HDFS-Data-Node-3",
                            "vpc_id": "vpc-be1826d9"
                        },
                        "meta": {
                            "schema_version": "1"
                        },
                        "tainted": false
                    },
                    "deposed": [],
                    "provider": "provider.aws"
                },
                "aws_security_group.security_group_7": {
                    "type": "aws_security_group",
                    "depends_on": [
                        "aws_vpc.gce_vpc"
                    ],
                    "primary": {
                        "id": "sg-9a1998e1",
                        "attributes": {
                            "description": "Allow inbound traffic from ",
                            "egress.#": "0",
                            "id": "sg-9a1998e1",
                            "ingress.#": "1",
                            "ingress.1403647648.cidr_blocks.#": "1",
                            "ingress.1403647648.cidr_blocks.0": "0.0.0.0/0",
                            "ingress.1403647648.description": "",
                            "ingress.1403647648.from_port": "0",
                            "ingress.1403647648.ipv6_cidr_blocks.#": "0",
                            "ingress.1403647648.protocol": "tcp",
                            "ingress.1403647648.security_groups.#": "0",
                            "ingress.1403647648.self": "false",
                            "ingress.1403647648.to_port": "65535",
                            "name": "Cloudera-Manager",
                            "owner_id": "006378141167",
                            "revoke_rules_on_delete": "false",
                            "tags.%": "1",
                            "tags.Name": "Cloudera-Manager",
                            "vpc_id": "vpc-be1826d9"
                        },
                        "meta": {
                            "schema_version": "1"
                        },
                        "tainted": false
                    },
                    "deposed": [],
                    "provider": "provider.aws"
                },
                "aws_security_group.security_group_8": {
                    "type": "aws_security_group",
                    "depends_on": [
                        "aws_vpc.gce_vpc"
                    ],
                    "primary": {
                        "id": "sg-ba0e8fc1",
                        "attributes": {
                            "description": "Allow inbound traffic from ",
                            "egress.#": "0",
                            "id": "sg-ba0e8fc1",
                            "ingress.#": "1",
                            "ingress.1403647648.cidr_blocks.#": "1",
                            "ingress.1403647648.cidr_blocks.0": "0.0.0.0/0",
                            "ingress.1403647648.description": "",
                            "ingress.1403647648.from_port": "0",
                            "ingress.1403647648.ipv6_cidr_blocks.#": "0",
                            "ingress.1403647648.protocol": "tcp",
                            "ingress.1403647648.security_groups.#": "0",
                            "ingress.1403647648.self": "false",
                            "ingress.1403647648.to_port": "65535",
                            "name": "Kudu-Master-1",
                            "owner_id": "006378141167",
                            "revoke_rules_on_delete": "false",
                            "tags.%": "1",
                            "tags.Name": "Kudu-Master-1",
                            "vpc_id": "vpc-be1826d9"
                        },
                        "meta": {
                            "schema_version": "1"
                        },
                        "tainted": false
                    },
                    "deposed": [],
                    "provider": "provider.aws"
                },
                "aws_security_group.security_group_9": {
                    "type": "aws_security_group",
                    "depends_on": [
                        "aws_vpc.gce_vpc"
                    ],
                    "primary": {
                        "id": "sg-e40d8c9f",
                        "attributes": {
                            "description": "Allow inbound traffic from ",
                            "egress.#": "0",
                            "id": "sg-e40d8c9f",
                            "ingress.#": "1",
                            "ingress.1403647648.cidr_blocks.#": "1",
                            "ingress.1403647648.cidr_blocks.0": "0.0.0.0/0",
                            "ingress.1403647648.description": "",
                            "ingress.1403647648.from_port": "0",
                            "ingress.1403647648.ipv6_cidr_blocks.#": "0",
                            "ingress.1403647648.protocol": "tcp",
                            "ingress.1403647648.security_groups.#": "0",
                            "ingress.1403647648.self": "false",
                            "ingress.1403647648.to_port": "65535",
                            "name": "Kudu-Master-2",
                            "owner_id": "006378141167",
                            "revoke_rules_on_delete": "false",
                            "tags.%": "1",
                            "tags.Name": "Kudu-Master-2",
                            "vpc_id": "vpc-be1826d9"
                        },
                        "meta": {
                            "schema_version": "1"
                        },
                        "tainted": false
                    },
                    "deposed": [],
                    "provider": "provider.aws"
                },
                "aws_subnet.subnet-1": {
                    "type": "aws_subnet",
                    "depends_on": [
                        "aws_vpc.gce_vpc"
                    ],
                    "primary": {
                        "id": "subnet-504b6637",
                        "attributes": {
                            "assign_ipv6_address_on_creation": "false",
                            "availability_zone": "eu-west-1b",
                            "cidr_block": "10.220.112.0/25",
                            "id": "subnet-504b6637",
                            "map_public_ip_on_launch": "false",
                            "tags.%": "1",
                            "tags.Name": "gce-public",
                            "vpc_id": "vpc-be1826d9"
                        },
                        "meta": {
                            "schema_version": "1"
                        },
                        "tainted": false
                    },
                    "deposed": [],
                    "provider": "provider.aws"
                },
                "aws_subnet.subnet-2": {
                    "type": "aws_subnet",
                    "depends_on": [
                        "aws_vpc.gce_vpc"
                    ],
                    "primary": {
                        "id": "subnet-b44a67d3",
                        "attributes": {
                            "assign_ipv6_address_on_creation": "false",
                            "availability_zone": "eu-west-1b",
                            "cidr_block": "10.220.112.128/25",
                            "id": "subnet-b44a67d3",
                            "map_public_ip_on_launch": "false",
                            "tags.%": "1",
                            "tags.Name": "gce-public",
                            "vpc_id": "vpc-be1826d9"
                        },
                        "meta": {
                            "schema_version": "1"
                        },
                        "tainted": false
                    },
                    "deposed": [],
                    "provider": "provider.aws"
                },
                "aws_subnet.subnet-3": {
                    "type": "aws_subnet",
                    "depends_on": [
                        "aws_vpc.gce_vpc"
                    ],
                    "primary": {
                        "id": "subnet-bcb2dce7",
                        "attributes": {
                            "assign_ipv6_address_on_creation": "false",
                            "availability_zone": "eu-west-1a",
                            "cidr_block": "10.220.113.0/26",
                            "id": "subnet-bcb2dce7",
                            "map_public_ip_on_launch": "false",
                            "tags.%": "1",
                            "tags.Name": "gce-app",
                            "vpc_id": "vpc-be1826d9"
                        },
                        "meta": {
                            "schema_version": "1"
                        },
                        "tainted": false
                    },
                    "deposed": [],
                    "provider": "provider.aws"
                },
                "aws_subnet.subnet-4": {
                    "type": "aws_subnet",
                    "depends_on": [
                        "aws_vpc.gce_vpc"
                    ],
                    "primary": {
                        "id": "subnet-1b476a7c",
                        "attributes": {
                            "assign_ipv6_address_on_creation": "false",
                            "availability_zone": "eu-west-1b",
                            "cidr_block": "10.220.113.64/26",
                            "id": "subnet-1b476a7c",
                            "map_public_ip_on_launch": "false",
                            "tags.%": "1",
                            "tags.Name": "gce-app",
                            "vpc_id": "vpc-be1826d9"
                        },
                        "meta": {
                            "schema_version": "1"
                        },
                        "tainted": false
                    },
                    "deposed": [],
                    "provider": "provider.aws"
                },
                "aws_subnet.subnet-5": {
                    "type": "aws_subnet",
                    "depends_on": [
                        "aws_vpc.gce_vpc"
                    ],
                    "primary": {
                        "id": "subnet-5db0de06",
                        "attributes": {
                            "assign_ipv6_address_on_creation": "false",
                            "availability_zone": "eu-west-1a",
                            "cidr_block": "10.220.113.128/26",
                            "id": "subnet-5db0de06",
                            "map_public_ip_on_launch": "false",
                            "tags.%": "1",
                            "tags.Name": "gce-data",
                            "vpc_id": "vpc-be1826d9"
                        },
                        "meta": {
                            "schema_version": "1"
                        },
                        "tainted": false
                    },
                    "deposed": [],
                    "provider": "provider.aws"
                },
                "aws_subnet.subnet-6": {
                    "type": "aws_subnet",
                    "depends_on": [
                        "aws_vpc.gce_vpc"
                    ],
                    "primary": {
                        "id": "subnet-0a416c6d",
                        "attributes": {
                            "assign_ipv6_address_on_creation": "false",
                            "availability_zone": "eu-west-1b",
                            "cidr_block": "10.220.113.192/26",
                            "id": "subnet-0a416c6d",
                            "map_public_ip_on_launch": "false",
                            "tags.%": "1",
                            "tags.Name": "gce-data",
                            "vpc_id": "vpc-be1826d9"
                        },
                        "meta": {
                            "schema_version": "1"
                        },
                        "tainted": false
                    },
                    "deposed": [],
                    "provider": "provider.aws"
                },
                "aws_vpc.gce_vpc": {
                    "type": "aws_vpc",
                    "depends_on": [],
                    "primary": {
                        "id": "vpc-be1826d9",
                        "attributes": {
                            "assign_generated_ipv6_cidr_block": "false",
                            "cidr_block": "10.220.112.0/23",
                            "default_network_acl_id": "acl-d169b1b7",
                            "default_route_table_id": "rtb-d79feeb1",
                            "default_security_group_id": "sg-5a199821",
                            "dhcp_options_id": "dopt-ea05c28d",
                            "enable_classiclink": "false",
                            "enable_classiclink_dns_support": "false",
                            "enable_dns_hostnames": "false",
                            "enable_dns_support": "true",
                            "id": "vpc-be1826d9",
                            "instance_tenancy": "dedicated",
                            "main_route_table_id": "rtb-d79feeb1",
                            "tags.%": "1",
                            "tags.Name": "gce_vpc"
                        },
                        "meta": {
                            "schema_version": "1"
                        },
                        "tainted": false
                    },
                    "deposed": [],
                    "provider": "provider.aws"
                }
            },
            "depends_on": []
        }
    ]
}
